
Microsoft Visual Studio Solution File, Format Version 12.00
# Visual Studio Version 17
VisualStudioVersion = 17.9.34723.18
MinimumVisualStudioVersion = 10.0.40219.1
Project("{9A19103F-16F7-4668-BE54-9A1E7A4F7556}") = "WordCalc.Logic", "WordCalc.Logic\WordCalc.Logic.csproj", "{8A8BD38E-D16A-40E0-9743-80D9C1852AFC}"
EndProject
Project("{FAE04EC0-301F-11D3-BF4B-00C04F79EFBC}") = "WordCalc.Logic.Tests", "WordCalc.Logic.Tests\WordCalc.Logic.Tests.csproj", "{AB9DC54E-F794-47AC-8839-CE06BD4DF9E7}"
EndProject
Global
	GlobalSection(SolutionConfigurationPlatforms) = preSolution
		Debug|Any CPU = Debug|Any CPU
		Release|Any CPU = Release|Any CPU
	EndGlobalSection
	GlobalSection(ProjectConfigurationPlatforms) = postSolution
		{8A8BD38E-D16A-40E0-9743-80D9C1852AFC}.Debug|Any CPU.ActiveCfg = Debug|Any CPU
		{8A8BD38E-D16A-40E0-9743-80D9C1852AFC}.Debug|Any CPU.Build.0 = Debug|Any CPU
		{8A8BD38E-D16A-40E0-9743-80D9C1852AFC}.Release|Any CPU.ActiveCfg = Release|Any CPU
		{8A8BD38E-D16A-40E0-9743-80D9C1852AFC}.Release|Any CPU.Build.0 = Release|Any CPU
		{AB9DC54E-F794-47AC-8839-CE06BD4DF9E7}.Debug|Any CPU.ActiveCfg = Debug|Any CPU
		{AB9DC54E-F794-47AC-8839-CE06BD4DF9E7}.Debug|Any CPU.Build.0 = Debug|Any CPU
		{AB9DC54E-F794-47AC-8839-CE06BD4DF9E7}.Release|Any CPU.ActiveCfg = Release|Any CPU
		{AB9DC54E-F794-47AC-8839-CE06BD4DF9E7}.Release|Any CPU.Build.0 = Release|Any CPU
	EndGlobalSection
	GlobalSection(SolutionProperties) = preSolution
		HideSolutionNode = FALSE
	EndGlobalSection
	GlobalSection(ExtensibilityGlobals) = postSolution
		SolutionGuid = {4FAA2236-C88B-4720-BC40-565CD5245E71}
	EndGlobalSection
EndGlobal
